
Microsoft Visual Studio Solution File, Format Version 12.00
# Visual Studio Version 17
VisualStudioVersion = 17.9.34622.214
MinimumVisualStudioVersion = 10.0.40219.1
Project("{FAE04EC0-301F-11D3-BF4B-00C04F79EFBC}") = "BTPayPro.ServiceDefaults", "..\BTPayPro.ServiceDefaults\BTPayPro.ServiceDefaults.csproj", "{8280EDCF-F7DB-42B8-A23E-870D65FDBEE9}"
EndProject
Project("{FAE04EC0-301F-11D3-BF4B-00C04F79EFBC}") = "BTPayPro.AppHost", "BTPayPro.AppHost.csproj", "{D21412EF-981D-589F-C8FC-B98C4CCD59A2}"
EndProject
Project("{FAE04EC0-301F-11D3-BF4B-00C04F79EFBC}") = "BTPayPro.Api", "..\BTPayPro.Api\BTPayPro.Api.csproj", "{EF158B04-517A-57CB-BC7D-0FF99029ACC7}"
EndProject
Project("{FAE04EC0-301F-11D3-BF4B-00C04F79EFBC}") = "BTPayPro", "..\BTPayPro\BTPayPro.csproj", "{4A3973A2-D7F5-AC76-C8FE-8E72112F0ABA}"
EndProject
Project("{FAE04EC0-301F-11D3-BF4B-00C04F79EFBC}") = "BTPayPro.WebUI", "..\BTPayPro.WebUI\BTPayPro.WebUI.csproj", "{71C7B65A-1A30-D743-529E-7665631AF31B}"
EndProject
Global
	GlobalSection(SolutionConfigurationPlatforms) = preSolution
		Debug|Any CPU = Debug|Any CPU
		Release|Any CPU = Release|Any CPU
	EndGlobalSection
	GlobalSection(ProjectConfigurationPlatforms) = postSolution
		{8280EDCF-F7DB-42B8-A23E-870D65FDBEE9}.Debug|Any CPU.ActiveCfg = Debug|Any CPU
		{8280EDCF-F7DB-42B8-A23E-870D65FDBEE9}.Debug|Any CPU.Build.0 = Debug|Any CPU
		{8280EDCF-F7DB-42B8-A23E-870D65FDBEE9}.Release|Any CPU.ActiveCfg = Release|Any CPU
		{8280EDCF-F7DB-42B8-A23E-870D65FDBEE9}.Release|Any CPU.Build.0 = Release|Any CPU
		{D21412EF-981D-589F-C8FC-B98C4CCD59A2}.Debug|Any CPU.ActiveCfg = Debug|Any CPU
		{D21412EF-981D-589F-C8FC-B98C4CCD59A2}.Debug|Any CPU.Build.0 = Debug|Any CPU
		{D21412EF-981D-589F-C8FC-B98C4CCD59A2}.Release|Any CPU.ActiveCfg = Release|Any CPU
		{D21412EF-981D-589F-C8FC-B98C4CCD59A2}.Release|Any CPU.Build.0 = Release|Any CPU
		{EF158B04-517A-57CB-BC7D-0FF99029ACC7}.Debug|Any CPU.ActiveCfg = Debug|Any CPU
		{EF158B04-517A-57CB-BC7D-0FF99029ACC7}.Debug|Any CPU.Build.0 = Debug|Any CPU
		{EF158B04-517A-57CB-BC7D-0FF99029ACC7}.Release|Any CPU.ActiveCfg = Release|Any CPU
		{EF158B04-517A-57CB-BC7D-0FF99029ACC7}.Release|Any CPU.Build.0 = Release|Any CPU
		{4A3973A2-D7F5-AC76-C8FE-8E72112F0ABA}.Debug|Any CPU.ActiveCfg = Debug|Any CPU
		{4A3973A2-D7F5-AC76-C8FE-8E72112F0ABA}.Debug|Any CPU.Build.0 = Debug|Any CPU
		{4A3973A2-D7F5-AC76-C8FE-8E72112F0ABA}.Release|Any CPU.ActiveCfg = Release|Any CPU
		{4A3973A2-D7F5-AC76-C8FE-8E72112F0ABA}.Release|Any CPU.Build.0 = Release|Any CPU
		{71C7B65A-1A30-D743-529E-7665631AF31B}.Debug|Any CPU.ActiveCfg = Debug|Any CPU
		{71C7B65A-1A30-D743-529E-7665631AF31B}.Debug|Any CPU.Build.0 = Debug|Any CPU
		{71C7B65A-1A30-D743-529E-7665631AF31B}.Release|Any CPU.ActiveCfg = Release|Any CPU
		{71C7B65A-1A30-D743-529E-7665631AF31B}.Release|Any CPU.Build.0 = Release|Any CPU
	EndGlobalSection
	GlobalSection(SolutionProperties) = preSolution
		HideSolutionNode = FALSE
	EndGlobalSection
	GlobalSection(ExtensibilityGlobals) = postSolution
		SolutionGuid = {989848D2-CB23-43A2-86AA-C4EE2DF6C7F0}
	EndGlobalSection
EndGlobal
